Microsoft Visual Studio Solution File, Format Version 12.00
# Visual Studio Version 16
VisualStudioVersion = 16.0.29025.244
MinimumVisualStudioVersion = 10.0.40219.1
Project("{2150E333-8FDC-42A3-9474-1A3956D46DE8}") = "src", "src", "{D764E024-3D3F-4112-B932-2DB722A1BACC}"
	ProjectSection(SolutionItems) = preProject
		src\Directory.Build.props = src\Directory.Build.props
	EndProjectSection
EndProject
Project("{2150E333-8FDC-42A3-9474-1A3956D46DE8}") = "test", "test", "{2F323ED5-EBF8-45E1-B9D3-C014561B3DDA}"
	ProjectSection(SolutionItems) = preProject
		test\Directory.Build.props = test\Directory.Build.props
		test\Directory.Build.targets = test\Directory.Build.targets
	EndProjectSection
EndProject
Project("{2150E333-8FDC-42A3-9474-1A3956D46DE8}") = ".config", ".config", "{AE4D7807-6F78-428C-A0D9-914BA583A104}"
	ProjectSection(SolutionItems) = preProject
		.appveyor.yml = .appveyor.yml
		.editorconfig = .editorconfig
		.gitattributes = .gitattributes
		.gitignore = .gitignore
		build.ps1 = build.ps1
		build.sh = build.sh
		Directory.Build.props = Directory.Build.props
		nuget.config = nuget.config
		Directory.Build.targets = Directory.Build.targets
	EndProjectSection
EndProject
Project("{9A19103F-16F7-4668-BE54-9A1E7A4F7556}") = "JsonRpc", "src\JsonRpc\JsonRpc.csproj", "{9AF43FA2-EF35-435E-B59E-724877E44DDA}"
EndProject
Project("{9A19103F-16F7-4668-BE54-9A1E7A4F7556}") = "JsonRpc.Tests", "test\JsonRpc.Tests\JsonRpc.Tests.csproj", "{35F9B883-36D0-4F3B-A191-9BBD05B798A7}"
EndProject
Project("{9A19103F-16F7-4668-BE54-9A1E7A4F7556}") = "Lsp.Tests", "test\Lsp.Tests\Lsp.Tests.csproj", "{482B180B-FD5C-4705-BBE1-094C905F1E1F}"
EndProject
Project("{9A19103F-16F7-4668-BE54-9A1E7A4F7556}") = "SampleServer", "sample\SampleServer\SampleServer.csproj", "{F2067F5F-FA4E-4990-B301-E7898FC4C45F}"
EndProject
Project("{2150E333-8FDC-42A3-9474-1A3956D46DE8}") = "sample", "sample", "{A316FCEC-81AD-45FB-93EE-C62CA09300DC}"
EndProject
Project("{9A19103F-16F7-4668-BE54-9A1E7A4F7556}") = "Client", "src\Client\Client.csproj", "{417E95B2-5AB9-49D5-B7CD-12255472E2E7}"
EndProject
Project("{9A19103F-16F7-4668-BE54-9A1E7A4F7556}") = "Client.Tests", "test\Client.Tests\Client.Tests.csproj", "{97437BE1-2EC3-4F6B-AC75-C3E099040A07}"
EndProject
Project("{9A19103F-16F7-4668-BE54-9A1E7A4F7556}") = "Protocol", "src\Protocol\Protocol.csproj", "{92B331E9-5225-428D-AE82-37F5F46156A3}"
EndProject
Project("{9A19103F-16F7-4668-BE54-9A1E7A4F7556}") = "Server", "src\Server\Server.csproj", "{E540868F-438E-4F7F-BBB7-010D6CB18A57}"
EndProject
Project("{2150E333-8FDC-42A3-9474-1A3956D46DE8}") = "Solution Items", "Solution Items", "{7E4A7675-45F3-4636-88AC-2C158C1A140D}"
	ProjectSection(SolutionItems) = preProject
		cake.config = cake.config
	EndProjectSection
EndProject
Project("{FAE04EC0-301F-11D3-BF4B-00C04F79EFBC}") = "Dap.Protocol", "src\Dap.Protocol\Dap.Protocol.csproj", "{F2C9D555-118E-442B-A953-9A7B58A53F33}"
EndProject
Project("{FAE04EC0-301F-11D3-BF4B-00C04F79EFBC}") = "Dap.Server", "src\Dap.Server\Dap.Server.csproj", "{E1A9123B-A236-4240-8C82-A61BD85C3BF4}"
EndProject
Project("{FAE04EC0-301F-11D3-BF4B-00C04F79EFBC}") = ".build", ".build\.build.csproj", "{28B13787-A442-4D28-BF9A-3D65BF13AAEC}"
EndProject
Project("{2150E333-8FDC-42A3-9474-1A3956D46DE8}") = ".build", ".build", "{26522B49-0743-4CBE-BA67-6D17FF65CAB9}"
EndProject
Project("{FAE04EC0-301F-11D3-BF4B-00C04F79EFBC}") = "Dap.Tests", "test\Dap.Tests\Dap.Tests.csproj", "{F3DF7917-6AD3-4EAA-A549-555032DDC4F8}"
EndProject
Global
	GlobalSection(SolutionConfigurationPlatforms) = preSolution
		Debug|Any CPU = Debug|Any CPU
		Debug|x64 = Debug|x64
		Debug|x86 = Debug|x86
		Release|Any CPU = Release|Any CPU
		Release|x64 = Release|x64
		Release|x86 = Release|x86
	EndGlobalSection
	GlobalSection(ProjectConfigurationPlatforms) = postSolution
		{9AF43FA2-EF35-435E-B59E-724877E44DDA}.Debug|Any CPU.ActiveCfg = Debug|Any CPU
		{9AF43FA2-EF35-435E-B59E-724877E44DDA}.Debug|Any CPU.Build.0 = Debug|Any CPU
		{9AF43FA2-EF35-435E-B59E-724877E44DDA}.Debug|x64.ActiveCfg = Debug|Any CPU
		{9AF43FA2-EF35-435E-B59E-724877E44DDA}.Debug|x64.Build.0 = Debug|Any CPU
		{9AF43FA2-EF35-435E-B59E-724877E44DDA}.Debug|x86.ActiveCfg = Debug|Any CPU
		{9AF43FA2-EF35-435E-B59E-724877E44DDA}.Debug|x86.Build.0 = Debug|Any CPU
		{9AF43FA2-EF35-435E-B59E-724877E44DDA}.Release|Any CPU.ActiveCfg = Release|Any CPU
		{9AF43FA2-EF35-435E-B59E-724877E44DDA}.Release|Any CPU.Build.0 = Release|Any CPU
		{9AF43FA2-EF35-435E-B59E-724877E44DDA}.Release|x64.ActiveCfg = Release|Any CPU
		{9AF43FA2-EF35-435E-B59E-724877E44DDA}.Release|x64.Build.0 = Release|Any CPU
		{9AF43FA2-EF35-435E-B59E-724877E44DDA}.Release|x86.ActiveCfg = Release|Any CPU
		{9AF43FA2-EF35-435E-B59E-724877E44DDA}.Release|x86.Build.0 = Release|Any CPU
		{35F9B883-36D0-4F3B-A191-9BBD05B798A7}.Debug|Any CPU.ActiveCfg = Debug|Any CPU
		{35F9B883-36D0-4F3B-A191-9BBD05B798A7}.Debug|Any CPU.Build.0 = Debug|Any CPU
		{35F9B883-36D0-4F3B-A191-9BBD05B798A7}.Debug|x64.ActiveCfg = Debug|Any CPU
		{35F9B883-36D0-4F3B-A191-9BBD05B798A7}.Debug|x64.Build.0 = Debug|Any CPU
		{35F9B883-36D0-4F3B-A191-9BBD05B798A7}.Debug|x86.ActiveCfg = Debug|Any CPU
		{35F9B883-36D0-4F3B-A191-9BBD05B798A7}.Debug|x86.Build.0 = Debug|Any CPU
		{35F9B883-36D0-4F3B-A191-9BBD05B798A7}.Release|Any CPU.ActiveCfg = Release|Any CPU
		{35F9B883-36D0-4F3B-A191-9BBD05B798A7}.Release|Any CPU.Build.0 = Release|Any CPU
		{35F9B883-36D0-4F3B-A191-9BBD05B798A7}.Release|x64.ActiveCfg = Release|Any CPU
		{35F9B883-36D0-4F3B-A191-9BBD05B798A7}.Release|x64.Build.0 = Release|Any CPU
		{35F9B883-36D0-4F3B-A191-9BBD05B798A7}.Release|x86.ActiveCfg = Release|Any CPU
		{35F9B883-36D0-4F3B-A191-9BBD05B798A7}.Release|x86.Build.0 = Release|Any CPU
		{482B180B-FD5C-4705-BBE1-094C905F1E1F}.Debug|Any CPU.ActiveCfg = Debug|Any CPU
		{482B180B-FD5C-4705-BBE1-094C905F1E1F}.Debug|Any CPU.Build.0 = Debug|Any CPU
		{482B180B-FD5C-4705-BBE1-094C905F1E1F}.Debug|x64.ActiveCfg = Debug|Any CPU
		{482B180B-FD5C-4705-BBE1-094C905F1E1F}.Debug|x64.Build.0 = Debug|Any CPU
		{482B180B-FD5C-4705-BBE1-094C905F1E1F}.Debug|x86.ActiveCfg = Debug|Any CPU
		{482B180B-FD5C-4705-BBE1-094C905F1E1F}.Debug|x86.Build.0 = Debug|Any CPU
		{482B180B-FD5C-4705-BBE1-094C905F1E1F}.Release|Any CPU.ActiveCfg = Release|Any CPU
		{482B180B-FD5C-4705-BBE1-094C905F1E1F}.Release|Any CPU.Build.0 = Release|Any CPU
		{482B180B-FD5C-4705-BBE1-094C905F1E1F}.Release|x64.ActiveCfg = Release|Any CPU
		{482B180B-FD5C-4705-BBE1-094C905F1E1F}.Release|x64.Build.0 = Release|Any CPU
		{482B180B-FD5C-4705-BBE1-094C905F1E1F}.Release|x86.ActiveCfg = Release|Any CPU
		{482B180B-FD5C-4705-BBE1-094C905F1E1F}.Release|x86.Build.0 = Release|Any CPU
		{F2067F5F-FA4E-4990-B301-E7898FC4C45F}.Debug|Any CPU.ActiveCfg = Debug|Any CPU
		{F2067F5F-FA4E-4990-B301-E7898FC4C45F}.Debug|Any CPU.Build.0 = Debug|Any CPU
		{F2067F5F-FA4E-4990-B301-E7898FC4C45F}.Debug|x64.ActiveCfg = Debug|Any CPU
		{F2067F5F-FA4E-4990-B301-E7898FC4C45F}.Debug|x64.Build.0 = Debug|Any CPU
		{F2067F5F-FA4E-4990-B301-E7898FC4C45F}.Debug|x86.ActiveCfg = Debug|Any CPU
		{F2067F5F-FA4E-4990-B301-E7898FC4C45F}.Debug|x86.Build.0 = Debug|Any CPU
		{F2067F5F-FA4E-4990-B301-E7898FC4C45F}.Release|Any CPU.ActiveCfg = Release|Any CPU
		{F2067F5F-FA4E-4990-B301-E7898FC4C45F}.Release|Any CPU.Build.0 = Release|Any CPU
		{F2067F5F-FA4E-4990-B301-E7898FC4C45F}.Release|x64.ActiveCfg = Release|Any CPU
		{F2067F5F-FA4E-4990-B301-E7898FC4C45F}.Release|x64.Build.0 = Release|Any CPU
		{F2067F5F-FA4E-4990-B301-E7898FC4C45F}.Release|x86.ActiveCfg = Release|Any CPU
		{F2067F5F-FA4E-4990-B301-E7898FC4C45F}.Release|x86.Build.0 = Release|Any CPU
		{417E95B2-5AB9-49D5-B7CD-12255472E2E7}.Debug|Any CPU.ActiveCfg = Debug|Any CPU
		{417E95B2-5AB9-49D5-B7CD-12255472E2E7}.Debug|Any CPU.Build.0 = Debug|Any CPU
		{417E95B2-5AB9-49D5-B7CD-12255472E2E7}.Debug|x64.ActiveCfg = Debug|Any CPU
		{417E95B2-5AB9-49D5-B7CD-12255472E2E7}.Debug|x64.Build.0 = Debug|Any CPU
		{417E95B2-5AB9-49D5-B7CD-12255472E2E7}.Debug|x86.ActiveCfg = Debug|Any CPU
		{417E95B2-5AB9-49D5-B7CD-12255472E2E7}.Debug|x86.Build.0 = Debug|Any CPU
		{417E95B2-5AB9-49D5-B7CD-12255472E2E7}.Release|Any CPU.ActiveCfg = Release|Any CPU
		{417E95B2-5AB9-49D5-B7CD-12255472E2E7}.Release|Any CPU.Build.0 = Release|Any CPU
		{417E95B2-5AB9-49D5-B7CD-12255472E2E7}.Release|x64.ActiveCfg = Release|Any CPU
		{417E95B2-5AB9-49D5-B7CD-12255472E2E7}.Release|x64.Build.0 = Release|Any CPU
		{417E95B2-5AB9-49D5-B7CD-12255472E2E7}.Release|x86.ActiveCfg = Release|Any CPU
		{417E95B2-5AB9-49D5-B7CD-12255472E2E7}.Release|x86.Build.0 = Release|Any CPU
		{97437BE1-2EC3-4F6B-AC75-C3E099040A07}.Debug|Any CPU.ActiveCfg = Debug|Any CPU
		{97437BE1-2EC3-4F6B-AC75-C3E099040A07}.Debug|Any CPU.Build.0 = Debug|Any CPU
		{97437BE1-2EC3-4F6B-AC75-C3E099040A07}.Debug|x64.ActiveCfg = Debug|Any CPU
		{97437BE1-2EC3-4F6B-AC75-C3E099040A07}.Debug|x64.Build.0 = Debug|Any CPU
		{97437BE1-2EC3-4F6B-AC75-C3E099040A07}.Debug|x86.ActiveCfg = Debug|Any CPU
		{97437BE1-2EC3-4F6B-AC75-C3E099040A07}.Debug|x86.Build.0 = Debug|Any CPU
		{97437BE1-2EC3-4F6B-AC75-C3E099040A07}.Release|Any CPU.ActiveCfg = Release|Any CPU
		{97437BE1-2EC3-4F6B-AC75-C3E099040A07}.Release|Any CPU.Build.0 = Release|Any CPU
		{97437BE1-2EC3-4F6B-AC75-C3E099040A07}.Release|x64.ActiveCfg = Release|Any CPU
		{97437BE1-2EC3-4F6B-AC75-C3E099040A07}.Release|x64.Build.0 = Release|Any CPU
		{97437BE1-2EC3-4F6B-AC75-C3E099040A07}.Release|x86.ActiveCfg = Release|Any CPU
		{97437BE1-2EC3-4F6B-AC75-C3E099040A07}.Release|x86.Build.0 = Release|Any CPU
		{92B331E9-5225-428D-AE82-37F5F46156A3}.Debug|Any CPU.ActiveCfg = Debug|Any CPU
		{92B331E9-5225-428D-AE82-37F5F46156A3}.Debug|Any CPU.Build.0 = Debug|Any CPU
		{92B331E9-5225-428D-AE82-37F5F46156A3}.Debug|x64.ActiveCfg = Debug|Any CPU
		{92B331E9-5225-428D-AE82-37F5F46156A3}.Debug|x64.Build.0 = Debug|Any CPU
		{92B331E9-5225-428D-AE82-37F5F46156A3}.Debug|x86.ActiveCfg = Debug|Any CPU
		{92B331E9-5225-428D-AE82-37F5F46156A3}.Debug|x86.Build.0 = Debug|Any CPU
		{92B331E9-5225-428D-AE82-37F5F46156A3}.Release|Any CPU.ActiveCfg = Release|Any CPU
		{92B331E9-5225-428D-AE82-37F5F46156A3}.Release|Any CPU.Build.0 = Release|Any CPU
		{92B331E9-5225-428D-AE82-37F5F46156A3}.Release|x64.ActiveCfg = Release|Any CPU
		{92B331E9-5225-428D-AE82-37F5F46156A3}.Release|x64.Build.0 = Release|Any CPU
		{92B331E9-5225-428D-AE82-37F5F46156A3}.Release|x86.ActiveCfg = Release|Any CPU
		{92B331E9-5225-428D-AE82-37F5F46156A3}.Release|x86.Build.0 = Release|Any CPU
		{E540868F-438E-4F7F-BBB7-010D6CB18A57}.Debug|Any CPU.ActiveCfg = Debug|Any CPU
		{E540868F-438E-4F7F-BBB7-010D6CB18A57}.Debug|Any CPU.Build.0 = Debug|Any CPU
		{E540868F-438E-4F7F-BBB7-010D6CB18A57}.Debug|x64.ActiveCfg = Debug|Any CPU
		{E540868F-438E-4F7F-BBB7-010D6CB18A57}.Debug|x64.Build.0 = Debug|Any CPU
		{E540868F-438E-4F7F-BBB7-010D6CB18A57}.Debug|x86.ActiveCfg = Debug|Any CPU
		{E540868F-438E-4F7F-BBB7-010D6CB18A57}.Debug|x86.Build.0 = Debug|Any CPU
		{E540868F-438E-4F7F-BBB7-010D6CB18A57}.Release|Any CPU.ActiveCfg = Release|Any CPU
		{E540868F-438E-4F7F-BBB7-010D6CB18A57}.Release|Any CPU.Build.0 = Release|Any CPU
		{E540868F-438E-4F7F-BBB7-010D6CB18A57}.Release|x64.ActiveCfg = Release|Any CPU
		{E540868F-438E-4F7F-BBB7-010D6CB18A57}.Release|x64.Build.0 = Release|Any CPU
		{E540868F-438E-4F7F-BBB7-010D6CB18A57}.Release|x86.ActiveCfg = Release|Any CPU
		{E540868F-438E-4F7F-BBB7-010D6CB18A57}.Release|x86.Build.0 = Release|Any CPU
		{F2C9D555-118E-442B-A953-9A7B58A53F33}.Debug|Any CPU.ActiveCfg = Debug|Any CPU
		{F2C9D555-118E-442B-A953-9A7B58A53F33}.Debug|Any CPU.Build.0 = Debug|Any CPU
		{F2C9D555-118E-442B-A953-9A7B58A53F33}.Debug|x64.ActiveCfg = Debug|Any CPU
		{F2C9D555-118E-442B-A953-9A7B58A53F33}.Debug|x64.Build.0 = Debug|Any CPU
		{F2C9D555-118E-442B-A953-9A7B58A53F33}.Debug|x86.ActiveCfg = Debug|Any CPU
		{F2C9D555-118E-442B-A953-9A7B58A53F33}.Debug|x86.Build.0 = Debug|Any CPU
		{F2C9D555-118E-442B-A953-9A7B58A53F33}.Release|Any CPU.ActiveCfg = Release|Any CPU
		{F2C9D555-118E-442B-A953-9A7B58A53F33}.Release|Any CPU.Build.0 = Release|Any CPU
		{F2C9D555-118E-442B-A953-9A7B58A53F33}.Release|x64.ActiveCfg = Release|Any CPU
		{F2C9D555-118E-442B-A953-9A7B58A53F33}.Release|x64.Build.0 = Release|Any CPU
		{F2C9D555-118E-442B-A953-9A7B58A53F33}.Release|x86.ActiveCfg = Release|Any CPU
		{F2C9D555-118E-442B-A953-9A7B58A53F33}.Release|x86.Build.0 = Release|Any CPU
		{E1A9123B-A236-4240-8C82-A61BD85C3BF4}.Debug|Any CPU.ActiveCfg = Debug|Any CPU
		{E1A9123B-A236-4240-8C82-A61BD85C3BF4}.Debug|Any CPU.Build.0 = Debug|Any CPU
		{E1A9123B-A236-4240-8C82-A61BD85C3BF4}.Debug|x64.ActiveCfg = Debug|Any CPU
		{E1A9123B-A236-4240-8C82-A61BD85C3BF4}.Debug|x64.Build.0 = Debug|Any CPU
		{E1A9123B-A236-4240-8C82-A61BD85C3BF4}.Debug|x86.ActiveCfg = Debug|Any CPU
		{E1A9123B-A236-4240-8C82-A61BD85C3BF4}.Debug|x86.Build.0 = Debug|Any CPU
		{E1A9123B-A236-4240-8C82-A61BD85C3BF4}.Release|Any CPU.ActiveCfg = Release|Any CPU
		{E1A9123B-A236-4240-8C82-A61BD85C3BF4}.Release|Any CPU.Build.0 = Release|Any CPU
		{E1A9123B-A236-4240-8C82-A61BD85C3BF4}.Release|x64.ActiveCfg = Release|Any CPU
		{E1A9123B-A236-4240-8C82-A61BD85C3BF4}.Release|x64.Build.0 = Release|Any CPU
		{E1A9123B-A236-4240-8C82-A61BD85C3BF4}.Release|x86.ActiveCfg = Release|Any CPU
		{E1A9123B-A236-4240-8C82-A61BD85C3BF4}.Release|x86.Build.0 = Release|Any CPU
		{28B13787-A442-4D28-BF9A-3D65BF13AAEC}.Debug|Any CPU.ActiveCfg = Debug|Any CPU
		{28B13787-A442-4D28-BF9A-3D65BF13AAEC}.Debug|x64.ActiveCfg = Debug|Any CPU
		{28B13787-A442-4D28-BF9A-3D65BF13AAEC}.Debug|x86.ActiveCfg = Debug|Any CPU
		{28B13787-A442-4D28-BF9A-3D65BF13AAEC}.Release|Any CPU.ActiveCfg = Release|Any CPU
		{28B13787-A442-4D28-BF9A-3D65BF13AAEC}.Release|x64.ActiveCfg = Release|Any CPU
		{28B13787-A442-4D28-BF9A-3D65BF13AAEC}.Release|x86.ActiveCfg = Release|Any CPU
		{F3DF7917-6AD3-4EAA-A549-555032DDC4F8}.Debug|Any CPU.ActiveCfg = Debug|Any CPU
		{F3DF7917-6AD3-4EAA-A549-555032DDC4F8}.Debug|Any CPU.Build.0 = Debug|Any CPU
		{F3DF7917-6AD3-4EAA-A549-555032DDC4F8}.Debug|x64.ActiveCfg = Debug|Any CPU
		{F3DF7917-6AD3-4EAA-A549-555032DDC4F8}.Debug|x64.Build.0 = Debug|Any CPU
		{F3DF7917-6AD3-4EAA-A549-555032DDC4F8}.Debug|x86.ActiveCfg = Debug|Any CPU
		{F3DF7917-6AD3-4EAA-A549-555032DDC4F8}.Debug|x86.Build.0 = Debug|Any CPU
		{F3DF7917-6AD3-4EAA-A549-555032DDC4F8}.Release|Any CPU.ActiveCfg = Release|Any CPU
		{F3DF7917-6AD3-4EAA-A549-555032DDC4F8}.Release|Any CPU.Build.0 = Release|Any CPU
		{F3DF7917-6AD3-4EAA-A549-555032DDC4F8}.Release|x64.ActiveCfg = Release|Any CPU
		{F3DF7917-6AD3-4EAA-A549-555032DDC4F8}.Release|x64.Build.0 = Release|Any CPU
		{F3DF7917-6AD3-4EAA-A549-555032DDC4F8}.Release|x86.ActiveCfg = Release|Any CPU
		{F3DF7917-6AD3-4EAA-A549-555032DDC4F8}.Release|x86.Build.0 = Release|Any CPU
	EndGlobalSection
	GlobalSection(SolutionProperties) = preSolution
		HideSolutionNode = FALSE
	EndGlobalSection
	GlobalSection(NestedProjects) = preSolution
		{9AF43FA2-EF35-435E-B59E-724877E44DDA} = {D764E024-3D3F-4112-B932-2DB722A1BACC}
		{35F9B883-36D0-4F3B-A191-9BBD05B798A7} = {2F323ED5-EBF8-45E1-B9D3-C014561B3DDA}
		{482B180B-FD5C-4705-BBE1-094C905F1E1F} = {2F323ED5-EBF8-45E1-B9D3-C014561B3DDA}
		{F2067F5F-FA4E-4990-B301-E7898FC4C45F} = {A316FCEC-81AD-45FB-93EE-C62CA09300DC}
		{417E95B2-5AB9-49D5-B7CD-12255472E2E7} = {D764E024-3D3F-4112-B932-2DB722A1BACC}
		{97437BE1-2EC3-4F6B-AC75-C3E099040A07} = {2F323ED5-EBF8-45E1-B9D3-C014561B3DDA}
		{92B331E9-5225-428D-AE82-37F5F46156A3} = {D764E024-3D3F-4112-B932-2DB722A1BACC}
		{E540868F-438E-4F7F-BBB7-010D6CB18A57} = {D764E024-3D3F-4112-B932-2DB722A1BACC}
		{F2C9D555-118E-442B-A953-9A7B58A53F33} = {D764E024-3D3F-4112-B932-2DB722A1BACC}
		{E1A9123B-A236-4240-8C82-A61BD85C3BF4} = {D764E024-3D3F-4112-B932-2DB722A1BACC}
		{28B13787-A442-4D28-BF9A-3D65BF13AAEC} = {26522B49-0743-4CBE-BA67-6D17FF65CAB9}
		{F3DF7917-6AD3-4EAA-A549-555032DDC4F8} = {2F323ED5-EBF8-45E1-B9D3-C014561B3DDA}
	EndGlobalSection
	GlobalSection(ExtensibilityGlobals) = postSolution
		SolutionGuid = {D38DD0EC-D095-4BCD-B8AF-2D788AF3B9AE}
	EndGlobalSection
EndGlobal
