
Microsoft Visual Studio Solution File, Format Version 12.00
# Visual Studio 15
VisualStudioVersion = 15.0.26403.7
MinimumVisualStudioVersion = 10.0.40219.1
Project("{2150E333-8FDC-42A3-9474-1A3956D46DE8}") = "src", "src", "{D764E024-3D3F-4112-B932-2DB722A1BACC}"
EndProject
Project("{2150E333-8FDC-42A3-9474-1A3956D46DE8}") = "test", "test", "{2F323ED5-EBF8-45E1-B9D3-C014561B3DDA}"
EndProject
Project("{2150E333-8FDC-42A3-9474-1A3956D46DE8}") = ".config", ".config", "{AE4D7807-6F78-428C-A0D9-914BA583A104}"
	ProjectSection(SolutionItems) = preProject
		.appveyor.yml = .appveyor.yml
		.coveralls.yml = .coveralls.yml
		.editorconfig = .editorconfig
		.gitattributes = .gitattributes
		.gitignore = .gitignore
		build.cake = build.cake
		build.ps1 = build.ps1
		build.sh = build.sh
		nuget.config = nuget.config
	EndProjectSection
EndProject
Project("{9A19103F-16F7-4668-BE54-9A1E7A4F7556}") = "JsonRpc", "src\JsonRpc\JsonRpc.csproj", "{9AF43FA2-EF35-435E-B59E-724877E44DDA}"
EndProject
Project("{9A19103F-16F7-4668-BE54-9A1E7A4F7556}") = "Lsp", "src\Lsp\Lsp.csproj", "{50EA648A-67D3-4127-9517-EC7C1426E2E7}"
EndProject
Project("{9A19103F-16F7-4668-BE54-9A1E7A4F7556}") = "JsonRpc.Tests", "test\JsonRpc.Tests\JsonRpc.Tests.csproj", "{35F9B883-36D0-4F3B-A191-9BBD05B798A7}"
EndProject
Project("{9A19103F-16F7-4668-BE54-9A1E7A4F7556}") = "Lsp.Tests", "test\Lsp.Tests\Lsp.Tests.csproj", "{482B180B-FD5C-4705-BBE1-094C905F1E1F}"
EndProject
Project("{FAE04EC0-301F-11D3-BF4B-00C04F79EFBC}") = "SampleServer", "sample\SampleServer\SampleServer.csproj", "{F2067F5F-FA4E-4990-B301-E7898FC4C45F}"
EndProject
Project("{2150E333-8FDC-42A3-9474-1A3956D46DE8}") = "sample", "sample", "{A316FCEC-81AD-45FB-93EE-C62CA09300DC}"
EndProject
Global
	GlobalSection(SolutionConfigurationPlatforms) = preSolution
		Debug|Any CPU = Debug|Any CPU
		Release|Any CPU = Release|Any CPU
	EndGlobalSection
	GlobalSection(ProjectConfigurationPlatforms) = postSolution
		{9AF43FA2-EF35-435E-B59E-724877E44DDA}.Debug|Any CPU.ActiveCfg = Debug|Any CPU
		{9AF43FA2-EF35-435E-B59E-724877E44DDA}.Debug|Any CPU.Build.0 = Debug|Any CPU
		{9AF43FA2-EF35-435E-B59E-724877E44DDA}.Release|Any CPU.ActiveCfg = Release|Any CPU
		{9AF43FA2-EF35-435E-B59E-724877E44DDA}.Release|Any CPU.Build.0 = Release|Any CPU
		{50EA648A-67D3-4127-9517-EC7C1426E2E7}.Debug|Any CPU.ActiveCfg = Debug|Any CPU
		{50EA648A-67D3-4127-9517-EC7C1426E2E7}.Debug|Any CPU.Build.0 = Debug|Any CPU
		{50EA648A-67D3-4127-9517-EC7C1426E2E7}.Release|Any CPU.ActiveCfg = Release|Any CPU
		{50EA648A-67D3-4127-9517-EC7C1426E2E7}.Release|Any CPU.Build.0 = Release|Any CPU
		{35F9B883-36D0-4F3B-A191-9BBD05B798A7}.Debug|Any CPU.ActiveCfg = Debug|Any CPU
		{35F9B883-36D0-4F3B-A191-9BBD05B798A7}.Debug|Any CPU.Build.0 = Debug|Any CPU
		{35F9B883-36D0-4F3B-A191-9BBD05B798A7}.Release|Any CPU.ActiveCfg = Release|Any CPU
		{35F9B883-36D0-4F3B-A191-9BBD05B798A7}.Release|Any CPU.Build.0 = Release|Any CPU
		{482B180B-FD5C-4705-BBE1-094C905F1E1F}.Debug|Any CPU.ActiveCfg = Debug|Any CPU
		{482B180B-FD5C-4705-BBE1-094C905F1E1F}.Debug|Any CPU.Build.0 = Debug|Any CPU
		{482B180B-FD5C-4705-BBE1-094C905F1E1F}.Release|Any CPU.ActiveCfg = Release|Any CPU
		{482B180B-FD5C-4705-BBE1-094C905F1E1F}.Release|Any CPU.Build.0 = Release|Any CPU
		{F2067F5F-FA4E-4990-B301-E7898FC4C45F}.Debug|Any CPU.ActiveCfg = Debug|Any CPU
		{F2067F5F-FA4E-4990-B301-E7898FC4C45F}.Debug|Any CPU.Build.0 = Debug|Any CPU
		{F2067F5F-FA4E-4990-B301-E7898FC4C45F}.Release|Any CPU.ActiveCfg = Release|Any CPU
		{F2067F5F-FA4E-4990-B301-E7898FC4C45F}.Release|Any CPU.Build.0 = Release|Any CPU
	EndGlobalSection
	GlobalSection(SolutionProperties) = preSolution
		HideSolutionNode = FALSE
	EndGlobalSection
	GlobalSection(NestedProjects) = preSolution
		{9AF43FA2-EF35-435E-B59E-724877E44DDA} = {D764E024-3D3F-4112-B932-2DB722A1BACC}
		{50EA648A-67D3-4127-9517-EC7C1426E2E7} = {D764E024-3D3F-4112-B932-2DB722A1BACC}
		{35F9B883-36D0-4F3B-A191-9BBD05B798A7} = {2F323ED5-EBF8-45E1-B9D3-C014561B3DDA}
		{482B180B-FD5C-4705-BBE1-094C905F1E1F} = {2F323ED5-EBF8-45E1-B9D3-C014561B3DDA}
		{F2067F5F-FA4E-4990-B301-E7898FC4C45F} = {A316FCEC-81AD-45FB-93EE-C62CA09300DC}
	EndGlobalSection
EndGlobal
