
Microsoft Visual Studio Solution File, Format Version 12.00
# Visual Studio 15
VisualStudioVersion = 15.0.26228.4
MinimumVisualStudioVersion = 10.0.40219.1
Project("{2150E333-8FDC-42A3-9474-1A3956D46DE8}") = "src", "src", "{D764E024-3D3F-4112-B932-2DB722A1BACC}"
EndProject
Project("{2150E333-8FDC-42A3-9474-1A3956D46DE8}") = "test", "test", "{2F323ED5-EBF8-45E1-B9D3-C014561B3DDA}"
EndProject
Project("{2150E333-8FDC-42A3-9474-1A3956D46DE8}") = ".config", ".config", "{AE4D7807-6F78-428C-A0D9-914BA583A104}"
	ProjectSection(SolutionItems) = preProject
		.editorconfig = .editorconfig
	EndProjectSection
EndProject
Project("{FAE04EC0-301F-11D3-BF4B-00C04F79EFBC}") = "JsonRpc", "src\JsonRpc\JsonRpc.csproj", "{EE777A17-24B6-499B-8E80-4F6D2750B4E4}"
EndProject
Project("{FAE04EC0-301F-11D3-BF4B-00C04F79EFBC}") = "Lsp", "src\Lsp\Lsp.csproj", "{FDCFF5B0-D3BF-4E3C-B146-98CEE61DF55D}"
EndProject
Project("{FAE04EC0-301F-11D3-BF4B-00C04F79EFBC}") = "JsonRpc.Tests", "test\JsonRpc.Tests\JsonRpc.Tests.csproj", "{2E3DF5C2-8A38-4A03-86D7-8D463C917E47}"
EndProject
Project("{FAE04EC0-301F-11D3-BF4B-00C04F79EFBC}") = "Lsp.Tests", "test\Lsp.Tests\Lsp.Tests.csproj", "{54CDF265-B534-4493-BA8B-38AA8374A579}"
EndProject
Global
	GlobalSection(SolutionConfigurationPlatforms) = preSolution
		Debug|Any CPU = Debug|Any CPU
		Release|Any CPU = Release|Any CPU
	EndGlobalSection
	GlobalSection(ProjectConfigurationPlatforms) = postSolution
		{EE777A17-24B6-499B-8E80-4F6D2750B4E4}.Debug|Any CPU.ActiveCfg = Debug|Any CPU
		{EE777A17-24B6-499B-8E80-4F6D2750B4E4}.Debug|Any CPU.Build.0 = Debug|Any CPU
		{EE777A17-24B6-499B-8E80-4F6D2750B4E4}.Release|Any CPU.ActiveCfg = Release|Any CPU
		{EE777A17-24B6-499B-8E80-4F6D2750B4E4}.Release|Any CPU.Build.0 = Release|Any CPU
		{FDCFF5B0-D3BF-4E3C-B146-98CEE61DF55D}.Debug|Any CPU.ActiveCfg = Debug|Any CPU
		{FDCFF5B0-D3BF-4E3C-B146-98CEE61DF55D}.Debug|Any CPU.Build.0 = Debug|Any CPU
		{FDCFF5B0-D3BF-4E3C-B146-98CEE61DF55D}.Release|Any CPU.ActiveCfg = Release|Any CPU
		{FDCFF5B0-D3BF-4E3C-B146-98CEE61DF55D}.Release|Any CPU.Build.0 = Release|Any CPU
		{2E3DF5C2-8A38-4A03-86D7-8D463C917E47}.Debug|Any CPU.ActiveCfg = Debug|Any CPU
		{2E3DF5C2-8A38-4A03-86D7-8D463C917E47}.Debug|Any CPU.Build.0 = Debug|Any CPU
		{2E3DF5C2-8A38-4A03-86D7-8D463C917E47}.Release|Any CPU.ActiveCfg = Release|Any CPU
		{2E3DF5C2-8A38-4A03-86D7-8D463C917E47}.Release|Any CPU.Build.0 = Release|Any CPU
		{54CDF265-B534-4493-BA8B-38AA8374A579}.Debug|Any CPU.ActiveCfg = Debug|Any CPU
		{54CDF265-B534-4493-BA8B-38AA8374A579}.Debug|Any CPU.Build.0 = Debug|Any CPU
		{54CDF265-B534-4493-BA8B-38AA8374A579}.Release|Any CPU.ActiveCfg = Release|Any CPU
		{54CDF265-B534-4493-BA8B-38AA8374A579}.Release|Any CPU.Build.0 = Release|Any CPU
	EndGlobalSection
	GlobalSection(SolutionProperties) = preSolution
		HideSolutionNode = FALSE
	EndGlobalSection
	GlobalSection(NestedProjects) = preSolution
		{EE777A17-24B6-499B-8E80-4F6D2750B4E4} = {D764E024-3D3F-4112-B932-2DB722A1BACC}
		{FDCFF5B0-D3BF-4E3C-B146-98CEE61DF55D} = {D764E024-3D3F-4112-B932-2DB722A1BACC}
		{2E3DF5C2-8A38-4A03-86D7-8D463C917E47} = {2F323ED5-EBF8-45E1-B9D3-C014561B3DDA}
		{54CDF265-B534-4493-BA8B-38AA8374A579} = {2F323ED5-EBF8-45E1-B9D3-C014561B3DDA}
	EndGlobalSection
EndGlobal
