{
    "name": "csharp-language-server-protocol",
    "lockfileVersion": 3,
    "requires": true,
    "packages": {
        "": {
            "devDependencies": {
                "@prettier/plugin-xml": "3.4.2",
                "husky": "9.1.7",
                "lint-staged": "17.2.0",
                "prettier": "3.9.6"
            }
        },
        "node_modules/@prettier/plugin-xml": {
            "version": "3.4.2",
            "resolved": "https://registry.npmjs.org/@prettier/plugin-xml/-/plugin-xml-3.4.2.tgz",
            "integrity": "sha512-/UyNlHfkuLXG6Ed85KB0WBF283xn2yavR+UtRibBRUcvEJId2DSLdGXwJ/cDa1X++SWDPzq3+GSFniHjkNy7yg==",
            "dev": true,
            "license": "MIT",
            "dependencies": {
                "@xml-tools/parser": "^1.0.11"
            },
            "peerDependencies": {
                "prettier": "^3.0.0"
            }
        },
        "node_modules/@xml-tools/parser": {
            "version": "1.0.11",
            "resolved": "https://registry.npmjs.org/@xml-tools/parser/-/parser-1.0.11.tgz",
            "integrity": "sha512-aKqQ077XnR+oQtHJlrAflaZaL7qZsulWc/i/ZEooar5JiWj1eLt0+Wg28cpa+XLney107wXqneC+oG1IZvxkTA==",
            "dev": true,
            "dependencies": {
                "chevrotain": "7.1.1"
            }
        },
        "node_modules/chevrotain": {
            "version": "7.1.1",
            "resolved": "https://registry.npmjs.org/chevrotain/-/chevrotain-7.1.1.tgz",
            "integrity": "sha512-wy3mC1x4ye+O+QkEinVJkPf5u2vsrDIYW9G7ZuwFl6v/Yu0LwUuT2POsb+NUWApebyxfkQq6+yDfRExbnI5rcw==",
            "dev": true,
            "dependencies": {
                "regexp-to-ast": "0.5.0"
            }
        },
        "node_modules/husky": {
            "version": "9.1.7",
            "resolved": "https://registry.npmjs.org/husky/-/husky-9.1.7.tgz",
            "integrity": "sha512-5gs5ytaNjBrh5Ow3zrvdUUY+0VxIuWVL4i9irt6friV+BqdCfmV11CQTWMiBYWHbXhco+J1kHfTOUkePhCDvMA==",
            "dev": true,
            "license": "MIT",
            "bin": {
                "husky": "bin.js"
            },
            "engines": {
                "node": ">=18"
            },
            "funding": {
                "url": "https://github.com/sponsors/typicode"
            }
        },
        "node_modules/lint-staged": {
            "version": "17.2.0",
            "resolved": "https://registry.npmjs.org/lint-staged/-/lint-staged-17.2.0.tgz",
            "integrity": "sha512-FchGnFe4i4B1C/a35SPU9bNGPEHSC1+1iV0plLjzBmKVe9klZrlRfSgK6Cw4VeHyqOXbJUXP0vON61uRftNQ0A==",
            "dev": true,
            "license": "MIT",
            "dependencies": {
                "picomatch": "^4.0.5",
                "string-argv": "^0.3.2",
                "tinyexec": "^1.2.4"
            },
            "bin": {
                "lint-staged": "bin/lint-staged.js"
            },
            "engines": {
                "node": ">=22.22.1"
            },
            "funding": {
                "url": "https://opencollective.com/lint-staged"
            },
            "optionalDependencies": {
                "yaml": "^2.9.0"
            }
        },
        "node_modules/picomatch": {
            "version": "4.0.5",
            "resolved": "https://registry.npmjs.org/picomatch/-/picomatch-4.0.5.tgz",
            "integrity": "sha512-RvwwcruNjI1ncT5xRakeyS9Lf8lcItv34KD+aif+VH9kduAyfYBipGh12274xtenIPZ119/R9BdTBa8gAwSh0A==",
            "dev": true,
            "license": "MIT",
            "engines": {
                "node": ">=12"
            },
            "funding": {
                "url": "https://github.com/sponsors/jonschlinkert"
            }
        },
        "node_modules/prettier": {
            "version": "3.9.6",
            "resolved": "https://registry.npmjs.org/prettier/-/prettier-3.9.6.tgz",
            "integrity": "sha512-OpN0zzVdiaiAhxpuuj5efpIS4sY9j7bY6uR5mnj5yPzGkdkjNKSJeUThPb60Jw29QuAZgA4o+/iB49kFiaBX6g==",
            "dev": true,
            "license": "MIT",
            "bin": {
                "prettier": "bin/prettier.cjs"
            },
            "engines": {
                "node": ">=14"
            },
            "funding": {
                "url": "https://github.com/prettier/prettier?sponsor=1"
            }
        },
        "node_modules/regexp-to-ast": {
            "version": "0.5.0",
            "resolved": "https://registry.npmjs.org/regexp-to-ast/-/regexp-to-ast-0.5.0.tgz",
            "integrity": "sha512-tlbJqcMHnPKI9zSrystikWKwHkBqu2a/Sgw01h3zFjvYrMxEDYHzzoMZnUrbIfpTFEsoRnnviOXNCzFiSc54Qw==",
            "dev": true
        },
        "node_modules/string-argv": {
            "version": "0.3.2",
            "resolved": "https://registry.npmjs.org/string-argv/-/string-argv-0.3.2.tgz",
            "integrity": "sha512-aqD2Q0144Z+/RqG52NeHEkZauTAUWJO8c6yTftGJKO3Tja5tUgIfmIl6kExvhtxSDP7fXB6DvzkfMpCd/F3G+Q==",
            "dev": true,
            "engines": {
                "node": ">=0.6.19"
            }
        },
        "node_modules/tinyexec": {
            "version": "1.2.4",
            "resolved": "https://registry.npmjs.org/tinyexec/-/tinyexec-1.2.4.tgz",
            "integrity": "sha512-SHf/r48b7vOrjve9PxJo3MN5v5yuyjHvdUcrQffT3WXMUfnGmHDVbC4k3sHJaJTgZCwpUplIaAo5ANtMyp3YHg==",
            "dev": true,
            "license": "MIT",
            "engines": {
                "node": ">=18"
            }
        },
        "node_modules/yaml": {
            "version": "2.9.0",
            "resolved": "https://registry.npmjs.org/yaml/-/yaml-2.9.0.tgz",
            "integrity": "sha512-2AvhNX3mb8zd6Zy7INTtSpl1F15HW6Wnqj0srWlkKLcpYl/gMIMJiyuGq2KeI2YFxUPjdlB+3Lc10seMLtL4cA==",
            "dev": true,
            "license": "ISC",
            "optional": true,
            "bin": {
                "yaml": "bin.mjs"
            },
            "engines": {
                "node": ">= 14.6"
            },
            "funding": {
                "url": "https://github.com/sponsors/eemeli"
            }
        }
    }
}
